// !$*UTF8*$!
{
	archiveVersion = 1;
	classes = {
	};
	objectVersion = 48;
	objects = {

/* Begin PBXBuildFile section */
		CF5EF33A200CC65300F53F7B /* AppDelegate.swift in Sources */ = {isa = PBXBuildFile; fileRef = CF5EF339200CC65300F53F7B /* AppDelegate.swift */; };
		CF5EF33C200CC65300F53F7B /* ViewController.swift in Sources */ = {isa = PBXBuildFile; fileRef = CF5EF33B200CC65300F53F7B /* ViewController.swift */; };
		CF5EF33F200CC65300F53F7B /* Main.storyboard in Resources */ = {isa = PBXBuildFile; fileRef = CF5EF33D200CC65300F53F7B /* Main.storyboard */; };
		CF5EF341200CC65300F53F7B /* Assets.xcassets in Resources */ = {isa = PBXBuildFile; fileRef = CF5EF340200CC65300F53F7B /* Assets.xcassets */; };
		CF5EF344200CC65300F53F7B /* LaunchScreen.storyboard in Resources */ = {isa = PBXBuildFile; fileRef = CF5EF342200CC65300F53F7B /* LaunchScreen.storyboard */; };
		CF5EF34C200CC69500F53F7B /* Inceptionv3.mlmodel in Sources */ = {isa = PBXBuildFile; fileRef = CF5EF34B200CC69500F53F7B /* Inceptionv3.mlmodel */; };
/* End PBXBuildFile section */

/* Begin PBXFileReference section */
		CF5EF336200CC65300F53F7B /* Detector.app */ = {isa = PBXFileReference; explicitFileType = wrapper.application; includeInIndex = 0; path = Detector.app; sourceTree = BUILT_PRODUCTS_DIR; };
		CF5EF339200CC65300F53F7B /* AppDelegate.swift */ = {isa = PBXFileReference; lastKnownFileType = sourcecode.swift; path = AppDelegate.swift; sourceTree = "<group>"; };
		CF5EF33B200CC65300F53F7B /* ViewController.swift */ = {isa = PBXFileReference; lastKnownFileType = sourcecode.swift; path = ViewController.swift; sourceTree = "<group>"; };
		CF5EF33E200CC65300F53F7B /* Base */ = {isa = PBXFileReference; lastKnownFileType = file.storyboard; name = Base; path = Base.lproj/Main.storyboard; sourceTree = "<group>"; };
		CF5EF340200CC65300F53F7B /* Assets.xcassets */ = {isa = PBXFileReference; lastKnownFileType = folder.assetcatalog; path = Assets.xcassets; sourceTree = "<group>"; };
		CF5EF343200CC65300F53F7B /* Base */ = {isa = PBXFileReference; lastKnownFileType = file.storyboard; name = Base; path = Base.lproj/LaunchScreen.storyboard; sourceTree = "<group>"; };
		CF5EF345200CC65300F53F7B /* Info.plist */ = {isa = PBXFileReference; lastKnownFileType = text.plist.xml; path = Info.plist; sourceTree = "<group>"; };
		CF5EF34B200CC69500F53F7B /* Inceptionv3.mlmodel */ = {isa = PBXFileReference; lastKnownFileType = file.mlmodel; path = Inceptionv3.mlmodel; sourceTree = "<group>"; };
/* End PBXFileReference section */

/* Begin PBXFrameworksBuildPhase section */
		CF5EF333200CC65300F53F7B /* Frameworks */ = {
			isa = PBXFrameworksBuildPhase;
			buildActionMask = 2147483647;
			files = (
			);
			runOnlyForDeploymentPostprocessing = 0;
		};
/* End PBXFrameworksBuildPhase section */

/* Begin PBXGroup section */
		CF5EF32D200CC65300F53F7B = {
			isa = PBXGroup;
			children = (
				CF5EF338200CC65300F53F7B /* Detector */,
				CF5EF337200CC65300F53F7B /* Products */,
			);
			sourceTree = "<group>";
		};
		CF5EF337200CC65300F53F7B /* Products */ = {
			isa = PBXGroup;
			children = (
				CF5EF336200CC65300F53F7B /* Detector.app */,
			);
			name = Products;
			sourceTree = "<group>";
		};
		CF5EF338200CC65300F53F7B /* Detector */ = {
			isa = PBXGroup;
			children = (
				CF5EF34B200CC69500F53F7B /* Inceptionv3.mlmodel */,
				CF5EF339200CC65300F53F7B /* AppDelegate.swift */,
				CF5EF33B200CC65300F53F7B /* ViewController.swift */,
				CF5EF33D200CC65300F53F7B /* Main.storyboard */,
				CF5EF340200CC65300F53F7B /* Assets.xcassets */,
				CF5EF342200CC65300F53F7B /* LaunchScreen.storyboard */,
				CF5EF345200CC65300F53F7B /* Info.plist */,
			);
			path = Detector;
			sourceTree = "<group>";
		};
/* End PBXGroup section */

/* Begin PBXNativeTarget section */
		CF5EF335200CC65300F53F7B /* Detector */ = {
			isa = PBXNativeTarget;
			buildConfigurationList = CF5EF348200CC65300F53F7B /* Build configuration list for PBXNativeTarget "Detector" */;
			buildPhases = (
				CF5EF332200CC65300F53F7B /* Sources */,
				CF5EF333200CC65300F53F7B /* Frameworks */,
				CF5EF334200CC65300F53F7B /* Resources */,
			);
			buildRules = (
			);
			dependencies = (
			);
			name = Detector;
			productName = Detector;
			productReference = CF5EF336200CC65300F53F7B /* Detector.app */;
			productType = "com.apple.product-type.application";
		};
/* End PBXNativeTarget section */

/* Begin PBXProject section */
		CF5EF32E200CC65300F53F7B /* Project object */ = {
			isa = PBXProject;
			attributes = {
				LastSwiftUpdateCheck = 0920;
				LastUpgradeCheck = 0920;
				ORGANIZATIONNAME = "Aditya Pokharel";
				TargetAttributes = {
					CF5EF335200CC65300F53F7B = {
						CreatedOnToolsVersion = 9.2;
						ProvisioningStyle = Automatic;
					};
				};
			};
			buildConfigurationList = CF5EF331200CC65300F53F7B /* Build configuration list for PBXProject "Detector" */;
			compatibilityVersion = "Xcode 8.0";
			developmentRegion = en;
			hasScannedForEncodings = 0;
			knownRegions = (
				en,
				Base,
			);
			mainGroup = CF5EF32D200CC65300F53F7B;
			productRefGroup = CF5EF337200CC65300F53F7B /* Products */;
			projectDirPath = "";
			projectRoot = "";
			targets = (
				CF5EF335200CC65300F53F7B /* Detector */,
			);
		};
/* End PBXProject section */

/* Begin PBXResourcesBuildPhase section */
		CF5EF334200CC65300F53F7B /* Resources */ = {
			isa = PBXResourcesBuildPhase;
			buildActionMask = 2147483647;
			files = (
				CF5EF344200CC65300F53F7B /* LaunchScreen.storyboard in Resources */,
				CF5EF341200CC65300F53F7B /* Assets.xcassets in Resources */,
				CF5EF33F200CC65300F53F7B /* Main.storyboard in Resources */,
			);
			runOnlyForDeploymentPostprocessing = 0;
		};
/* End PBXResourcesBuildPhase section */

/* Begin PBXSourcesBuildPhase section */
		CF5EF332200CC65300F53F7B /* Sources */ = {
			isa = PBXSourcesBuildPhase;
			buildActionMask = 2147483647;
			files = (
				CF5EF33C200CC65300F53F7B /* ViewController.swift in Sources */,
				CF5EF34C200CC69500F53F7B /* Inceptionv3.mlmodel in Sources */,
				CF5EF33A200CC65300F53F7B /* AppDelegate.swift in Sources */,
			);
			runOnlyForDeploymentPostprocessing = 0;
		};
/* End PBXSourcesBuildPhase section */

/* Begin PBXVariantGroup section */
		CF5EF33D200CC65300F53F7B /* Main.storyboard */ = {
			isa = PBXVariantGroup;
			children = (
				CF5EF33E200CC65300F53F7B /* Base */,
			);
			name = Main.storyboard;
			sourceTree = "<group>";
		};
		CF5EF342200CC65300F53F7B /* LaunchScreen.storyboard */ = {
			isa = PBXVariantGroup;
			children = (
				CF5EF343200CC65300F53F7B /* Base */,
			);
			name = LaunchScreen.storyboard;
			sourceTree = "<group>";
		};
/* End PBXVariantGroup section */

/* Begin XCBuildConfiguration section */
		CF5EF346200CC65300F53F7B /* Debug */ = {
			isa = XCBuildConfiguration;
			buildSettings = {
				ALWAYS_SEARCH_USER_PATHS = NO;
				CLANG_ANALYZER_NONNULL = YES;
				CLANG_ANALYZER_NUMBER_OBJECT_CONVERSION = YES_AGGRESSIVE;
				CLANG_CXX_LANGUAGE_STANDARD = "gnu++14";
				CLANG_CXX_LIBRARY = "libc++";
				CLANG_ENABLE_MODULES = YES;
				CLANG_ENABLE_OBJC_ARC = YES;
				CLANG_WARN_BLOCK_CAPTURE_AUTORELEASING = YES;
				CLANG_WARN_BOOL_CONVERSION = YES;
				CLANG_WARN_COMMA = YES;
				CLANG_WARN_CONSTANT_CONVERSION = YES;
				CLANG_WARN_DIRECT_OBJC_ISA_USAGE = YES_ERROR;
				CLANG_WARN_DOCUMENTATION_COMMENTS = YES;
				CLANG_WARN_EMPTY_BODY = YES;
				CLANG_WARN_ENUM_CONVERSION = YES;
				CLANG_WARN_INFINITE_RECURSION = YES;
				CLANG_WARN_INT_CONVERSION = YES;
				CLANG_WARN_NON_LITERAL_NULL_CONVERSION = YES;
				CLANG_WARN_OBJC_LITERAL_CONVERSION = YES;
				CLANG_WARN_OBJC_ROOT_CLASS = YES_ERROR;
				CLANG_WARN_RANGE_LOOP_ANALYSIS = YES;
				CLANG_WARN_STRICT_PROTOTYPES = YES;
				CLANG_WARN_SUSPICIOUS_MOVE = YES;
				CLANG_WARN_UNGUARDED_AVAILABILITY = YES_AGGRESSIVE;
				CLANG_WARN_UNREACHABLE_CODE = YES;
				CLANG_WARN__DUPLICATE_METHOD_MATCH = YES;
				CODE_SIGN_IDENTITY = "iPhone Developer";
				COPY_PHASE_STRIP = NO;
				DEBUG_INFORMATION_FORMAT = dwarf;
				ENABLE_STRICT_OBJC_MSGSEND = YES;
				ENABLE_TESTABILITY = YES;
				GCC_C_LANGUAGE_STANDARD = gnu11;
				GCC_DYNAMIC_NO_PIC = NO;
				GCC_NO_COMMON_BLOCKS = YES;
				GCC_OPTIMIZATION_LEVEL = 0;
				GCC_PREPROCESSOR_DEFINITIONS = (
					"DEBUG=1",
					"$(inherited)",
				);
				GCC_WARN_64_TO_32_BIT_CONVERSION = YES;
				GCC_WARN_ABOUT_RETURN_TYPE = YES_ERROR;
				GCC_WARN_UNDECLARED_SELECTOR = YES;
				GCC_WARN_UNINITIALIZED_AUTOS = YES_AGGRESSIVE;
				GCC_WARN_UNUSED_FUNCTION = YES;
				GCC_WARN_UNUSED_VARIABLE = YES;
				IPHONEOS_DEPLOYMENT_TARGET = 11.2;
				MTL_ENABLE_DEBUG_INFO = YES;
				ONLY_ACTIVE_ARCH = YES;
				SDKROOT = iphoneos;
				SWIFT_ACTIVE_COMPILATION_CONDITIONS = DEBUG;
				SWIFT_OPTIMIZATION_LEVEL = "-Onone";
			};
			name = Debug;
		};
		CF5EF347200CC65300F53F7B /* Release */ = {
			isa = XCBuildConfiguration;
			buildSettings = {
				ALWAYS_SEARCH_USER_PATHS = NO;
				CLANG_ANALYZER_NONNULL = YES;
				CLANG_ANALYZER_NUMBER_OBJECT_CONVERSION = YES_AGGRESSIVE;
				CLANG_CXX_LANGUAGE_STANDARD = "gnu++14";
				CLANG_CXX_LIBRARY = "libc++";
				CLANG_ENABLE_MODULES = YES;
				CLANG_ENABLE_OBJC_ARC = YES;
				CLANG_WARN_BLOCK_CAPTURE_AUTORELEASING = YES;
				CLANG_WARN_BOOL_CONVERSION = YES;
				CLANG_WARN_COMMA = YES;
				CLANG_WARN_CONSTANT_CONVERSION = YES;
				CLANG_WARN_DIRECT_OBJC_ISA_USAGE = YES_ERROR;
				CLANG_WARN_DOCUMENTATION_COMMENTS = YES;
				CLANG_WARN_EMPTY_BODY = YES;
				CLANG_WARN_ENUM_CONVERSION = YES;
				CLANG_WARN_INFINITE_RECURSION = YES;
				CLANG_WARN_INT_CONVERSION = YES;
				CLANG_WARN_NON_LITERAL_NULL_CONVERSION = YES;
				CLANG_WARN_OBJC_LITERAL_CONVERSION = YES;
				CLANG_WARN_OBJC_ROOT_CLASS = YES_ERROR;
				CLANG_WARN_RANGE_LOOP_ANALYSIS = YES;
				CLANG_WARN_STRICT_PROTOTYPES = YES;
				CLANG_WARN_SUSPICIOUS_MOVE = YES;
				CLANG_WARN_UNGUARDED_AVAILABILITY = YES_AGGRESSIVE;
				CLANG_WARN_UNREACHABLE_CODE = YES;
				CLANG_WARN__DUPLICATE_METHOD_MATCH = YES;
				CODE_SIGN_IDENTITY = "iPhone Developer";
				COPY_PHASE_STRIP = NO;
				DEBUG_INFORMATION_FORMAT = "dwarf-with-dsym";
				ENABLE_NS_ASSERTIONS = NO;
				ENABLE_STRICT_OBJC_MSGSEND = YES;
				GCC_C_LANGUAGE_STANDARD = gnu11;
				GCC_NO_COMMON_BLOCKS = YES;
				GCC_WARN_64_TO_32_BIT_CONVERSION = YES;
				GCC_WARN_ABOUT_RETURN_TYPE = YES_ERROR;
				GCC_WARN_UNDECLARED_SELECTOR = YES;
				GCC_WARN_UNINITIALIZED_AUTOS = YES_AGGRESSIVE;
				GCC_WARN_UNUSED_FUNCTION = YES;
				GCC_WARN_UNUSED_VARIABLE = YES;
				IPHONEOS_DEPLOYMENT_TARGET = 11.2;
				MTL_ENABLE_DEBUG_INFO = NO;
				SDKROOT = iphoneos;
				SWIFT_OPTIMIZATION_LEVEL = "-Owholemodule";
				VALIDATE_PRODUCT = YES;
			};
			name = Release;
		};
		CF5EF349200CC65300F53F7B /* Debug */ = {
			isa = XCBuildConfiguration;
			buildSettings = {
				ASSETCATALOG_COMPILER_APPICON_NAME = AppIcon;
				CODE_SIGN_STYLE = Automatic;
				DEVELOPMENT_TEAM = H45848HNRV;
				INFOPLIST_FILE = Detector/Info.plist;
				LD_RUNPATH_SEARCH_PATHS = "$(inherited) @executable_path/Frameworks";
				PRODUCT_BUNDLE_IDENTIFIER = com.adityapokharel.Detector;
				PRODUCT_NAME = "$(TARGET_NAME)";
				SWIFT_VERSION = 4.0;
				TARGETED_DEVICE_FAMILY = "1,2";
			};
			name = Debug;
		};
		CF5EF34A200CC65300F53F7B /* Release */ = {
			isa = XCBuildConfiguration;
			buildSettings = {
				ASSETCATALOG_COMPILER_APPICON_NAME = AppIcon;
				CODE_SIGN_STYLE = Automatic;
				DEVELOPMENT_TEAM = H45848HNRV;
				INFOPLIST_FILE = Detector/Info.plist;
				LD_RUNPATH_SEARCH_PATHS = "$(inherited) @executable_path/Frameworks";
				PRODUCT_BUNDLE_IDENTIFIER = com.adityapokharel.Detector;
				PRODUCT_NAME = "$(TARGET_NAME)";
				SWIFT_VERSION = 4.0;
				TARGETED_DEVICE_FAMILY = "1,2";
			};
			name = Release;
		};
/* End XCBuildConfiguration section */

/* Begin XCConfigurationList section */
		CF5EF331200CC65300F53F7B /* Build configuration list for PBXProject "Detector" */ = {
			isa = XCConfigurationList;
			buildConfigurations = (
				CF5EF346200CC65300F53F7B /* Debug */,
				CF5EF347200CC65300F53F7B /* Release */,
			);
			defaultConfigurationIsVisible = 0;
			defaultConfigurationName = Release;
		};
		CF5EF348200CC65300F53F7B /* Build configuration list for PBXNativeTarget "Detector" */ = {
			isa = XCConfigurationList;
			buildConfigurations = (
				CF5EF349200CC65300F53F7B /* Debug */,
				CF5EF34A200CC65300F53F7B /* Release */,
			);
			defaultConfigurationIsVisible = 0;
			defaultConfigurationName = Release;
		};
/* End XCConfigurationList section */
	};
	rootObject = CF5EF32E200CC65300F53F7B /* Project object */;
}
